// !$*UTF8*$!
{
	archiveVersion = 1;
	classes = {
	};
	objectVersion = 55;
	objects = {

/* Begin PBXBuildFile section */
		6564C6352818B03E00A640DD /* Tests_iOS.swift in Sources */ = {isa = PBXBuildFile; fileRef = 6564C6342818B03E00A640DD /* Tests_iOS.swift */; };
		6564C6372818B03E00A640DD /* Tests_iOSLaunchTests.swift in Sources */ = {isa = PBXBuildFile; fileRef = 6564C6362818B03E00A640DD /* Tests_iOSLaunchTests.swift */; };
		6564C6412818B03E00A640DD /* Tests_macOS.swift in Sources */ = {isa = PBXBuildFile; fileRef = 6564C6402818B03E00A640DD /* Tests_macOS.swift */; };
		6564C6432818B03E00A640DD /* Tests_macOSLaunchTests.swift in Sources */ = {isa = PBXBuildFile; fileRef = 6564C6422818B03E00A640DD /* Tests_macOSLaunchTests.swift */; };
		6564C6442818B03E00A640DD /* clubApp.swift in Sources */ = {isa = PBXBuildFile; fileRef = 6564C61C2818B03B00A640DD /* clubApp.swift */; };
		6564C6452818B03E00A640DD /* clubApp.swift in Sources */ = {isa = PBXBuildFile; fileRef = 6564C61C2818B03B00A640DD /* clubApp.swift */; };
		6564C6462818B03E00A640DD /* ContentView.swift in Sources */ = {isa = PBXBuildFile; fileRef = 6564C61D2818B03B00A640DD /* ContentView.swift */; };
		6564C6472818B03E00A640DD /* ContentView.swift in Sources */ = {isa = PBXBuildFile; fileRef = 6564C61D2818B03B00A640DD /* ContentView.swift */; };
		6564C6482818B03E00A640DD /* Assets.xcassets in Resources */ = {isa = PBXBuildFile; fileRef = 6564C61E2818B03E00A640DD /* Assets.xcassets */; };
		6564C6492818B03E00A640DD /* Assets.xcassets in Resources */ = {isa = PBXBuildFile; fileRef = 6564C61E2818B03E00A640DD /* Assets.xcassets */; };
/* End PBXBuildFile section */

/* Begin PBXContainerItemProxy section */
		6564C6312818B03E00A640DD /* PBXContainerItemProxy */ = {
			isa = PBXContainerItemProxy;
			containerPortal = 6564C6172818B03B00A640DD /* Project object */;
			proxyType = 1;
			remoteGlobalIDString = 6564C6222818B03E00A640DD;
			remoteInfo = "club (iOS)";
		};
		6564C63D2818B03E00A640DD /* PBXContainerItemProxy */ = {
			isa = PBXContainerItemProxy;
			containerPortal = 6564C6172818B03B00A640DD /* Project object */;
			proxyType = 1;
			remoteGlobalIDString = 6564C6282818B03E00A640DD;
			remoteInfo = "club (macOS)";
		};
/* End PBXContainerItemProxy section */

/* Begin PBXFileReference section */
		6564C61C2818B03B00A640DD /* clubApp.swift */ = {isa = PBXFileReference; lastKnownFileType = sourcecode.swift; path = clubApp.swift; sourceTree = "<group>"; };
		6564C61D2818B03B00A640DD /* ContentView.swift */ = {isa = PBXFileReference; lastKnownFileType = sourcecode.swift; path = ContentView.swift; sourceTree = "<group>"; };
		6564C61E2818B03E00A640DD /* Assets.xcassets */ = {isa = PBXFileReference; lastKnownFileType = folder.assetcatalog; path = Assets.xcassets; sourceTree = "<group>"; };
		6564C6232818B03E00A640DD /* club.app */ = {isa = PBXFileReference; explicitFileType = wrapper.application; includeInIndex = 0; path = club.app; sourceTree = BUILT_PRODUCTS_DIR; };
		6564C6292818B03E00A640DD /* club.app */ = {isa = PBXFileReference; explicitFileType = wrapper.application; includeInIndex = 0; path = club.app; sourceTree = BUILT_PRODUCTS_DIR; };
		6564C62B2818B03E00A640DD /* macOS.entitlements */ = {isa = PBXFileReference; lastKnownFileType = text.plist.entitlements; path = macOS.entitlements; sourceTree = "<group>"; };
		6564C6302818B03E00A640DD /* Tests iOS.xctest */ = {isa = PBXFileReference; explicitFileType = wrapper.cfbundle; includeInIndex = 0; path = "Tests iOS.xctest"; sourceTree = BUILT_PRODUCTS_DIR; };
		6564C6342818B03E00A640DD /* Tests_iOS.swift */ = {isa = PBXFileReference; lastKnownFileType = sourcecode.swift; path = Tests_iOS.swift; sourceTree = "<group>"; };
		6564C6362818B03E00A640DD /* Tests_iOSLaunchTests.swift */ = {isa = PBXFileReference; lastKnownFileType = sourcecode.swift; path = Tests_iOSLaunchTests.swift; sourceTree = "<group>"; };
		6564C63C2818B03E00A640DD /* Tests macOS.xctest */ = {isa = PBXFileReference; explicitFileType = wrapper.cfbundle; includeInIndex = 0; path = "Tests macOS.xctest"; sourceTree = BUILT_PRODUCTS_DIR; };
		6564C6402818B03E00A640DD /* Tests_macOS.swift */ = {isa = PBXFileReference; lastKnownFileType = sourcecode.swift; path = Tests_macOS.swift; sourceTree = "<group>"; };
		6564C6422818B03E00A640DD /* Tests_macOSLaunchTests.swift */ = {isa = PBXFileReference; lastKnownFileType = sourcecode.swift; path = Tests_macOSLaunchTests.swift; sourceTree = "<group>"; };
/* End PBXFileReference section */

/* Begin PBXFrameworksBuildPhase section */
		6564C6202818B03E00A640DD /* Frameworks */ = {
			isa = PBXFrameworksBuildPhase;
			buildActionMask = 2147483647;
			files = (
			);
			runOnlyForDeploymentPostprocessing = 0;
		};
		6564C6262818B03E00A640DD /* Frameworks */ = {
			isa = PBXFrameworksBuildPhase;
			buildActionMask = 2147483647;
			files = (
			);
			runOnlyForDeploymentPostprocessing = 0;
		};
		6564C62D2818B03E00A640DD /* Frameworks */ = {
			isa = PBXFrameworksBuildPhase;
			buildActionMask = 2147483647;
			files = (
			);
			runOnlyForDeploymentPostprocessing = 0;
		};
		6564C6392818B03E00A640DD /* Frameworks */ = {
			isa = PBXFrameworksBuildPhase;
			buildActionMask = 2147483647;
			files = (
			);
			runOnlyForDeploymentPostprocessing = 0;
		};
/* End PBXFrameworksBuildPhase section */

/* Begin PBXGroup section */
		6564C6162818B03B00A640DD = {
			isa = PBXGroup;
			children = (
				6564C61B2818B03B00A640DD /* Shared */,
				6564C62A2818B03E00A640DD /* macOS */,
				6564C6332818B03E00A640DD /* Tests iOS */,
				6564C63F2818B03E00A640DD /* Tests macOS */,
				6564C6242818B03E00A640DD /* Products */,
			);
			sourceTree = "<group>";
		};
		6564C61B2818B03B00A640DD /* Shared */ = {
			isa = PBXGroup;
			children = (
				6564C61C2818B03B00A640DD /* clubApp.swift */,
				6564C61D2818B03B00A640DD /* ContentView.swift */,
				6564C61E2818B03E00A640DD /* Assets.xcassets */,
			);
			path = Shared;
			sourceTree = "<group>";
		};
		6564C6242818B03E00A640DD /* Products */ = {
			isa = PBXGroup;
			children = (
				6564C6232818B03E00A640DD /* club.app */,
				6564C6292818B03E00A640DD /* club.app */,
				6564C6302818B03E00A640DD /* Tests iOS.xctest */,
				6564C63C2818B03E00A640DD /* Tests macOS.xctest */,
			);
			name = Products;
			sourceTree = "<group>";
		};
		6564C62A2818B03E00A640DD /* macOS */ = {
			isa = PBXGroup;
			children = (
				6564C62B2818B03E00A640DD /* macOS.entitlements */,
			);
			path = macOS;
			sourceTree = "<group>";
		};
		6564C6332818B03E00A640DD /* Tests iOS */ = {
			isa = PBXGroup;
			children = (
				6564C6342818B03E00A640DD /* Tests_iOS.swift */,
				6564C6362818B03E00A640DD /* Tests_iOSLaunchTests.swift */,
			);
			path = "Tests iOS";
			sourceTree = "<group>";
		};
		6564C63F2818B03E00A640DD /* Tests macOS */ = {
			isa = PBXGroup;
			children = (
				6564C6402818B03E00A640DD /* Tests_macOS.swift */,
				6564C6422818B03E00A640DD /* Tests_macOSLaunchTests.swift */,
			);
			path = "Tests macOS";
			sourceTree = "<group>";
		};
/* End PBXGroup section */

/* Begin PBXNativeTarget section */
		6564C6222818B03E00A640DD /* club (iOS) */ = {
			isa = PBXNativeTarget;
			buildConfigurationList = 6564C64C2818B03E00A640DD /* Build configuration list for PBXNativeTarget "club (iOS)" */;
			buildPhases = (
				6564C61F2818B03E00A640DD /* Sources */,
				6564C6202818B03E00A640DD /* Frameworks */,
				6564C6212818B03E00A640DD /* Resources */,
			);
			buildRules = (
			);
			dependencies = (
			);
			name = "club (iOS)";
			productName = "club (iOS)";
			productReference = 6564C6232818B03E00A640DD /* club.app */;
			productType = "com.apple.product-type.application";
		};
		6564C6282818B03E00A640DD /* club (macOS) */ = {
			isa = PBXNativeTarget;
			buildConfigurationList = 6564C64F2818B03E00A640DD /* Build configuration list for PBXNativeTarget "club (macOS)" */;
			buildPhases = (
				6564C6252818B03E00A640DD /* Sources */,
				6564C6262818B03E00A640DD /* Frameworks */,
				6564C6272818B03E00A640DD /* Resources */,
			);
			buildRules = (
			);
			dependencies = (
			);
			name = "club (macOS)";
			productName = "club (macOS)";
			productReference = 6564C6292818B03E00A640DD /* club.app */;
			productType = "com.apple.product-type.application";
		};
		6564C62F2818B03E00A640DD /* Tests iOS */ = {
			isa = PBXNativeTarget;
			buildConfigurationList = 6564C6522818B03E00A640DD /* Build configuration list for PBXNativeTarget "Tests iOS" */;
			buildPhases = (
				6564C62C2818B03E00A640DD /* Sources */,
				6564C62D2818B03E00A640DD /* Frameworks */,
				6564C62E2818B03E00A640DD /* Resources */,
			);
			buildRules = (
			);
			dependencies = (
				6564C6322818B03E00A640DD /* PBXTargetDependency */,
			);
			name = "Tests iOS";
			productName = "Tests iOS";
			productReference = 6564C6302818B03E00A640DD /* Tests iOS.xctest */;
			productType = "com.apple.product-type.bundle.ui-testing";
		};
		6564C63B2818B03E00A640DD /* Tests macOS */ = {
			isa = PBXNativeTarget;
			buildConfigurationList = 6564C6552818B03E00A640DD /* Build configuration list for PBXNativeTarget "Tests macOS" */;
			buildPhases = (
				6564C6382818B03E00A640DD /* Sources */,
				6564C6392818B03E00A640DD /* Frameworks */,
				6564C63A2818B03E00A640DD /* Resources */,
			);
			buildRules = (
			);
			dependencies = (
				6564C63E2818B03E00A640DD /* PBXTargetDependency */,
			);
			name = "Tests macOS";
			productName = "Tests macOS";
			productReference = 6564C63C2818B03E00A640DD /* Tests macOS.xctest */;
			productType = "com.apple.product-type.bundle.ui-testing";
		};
/* End PBXNativeTarget section */

/* Begin PBXProject section */
		6564C6172818B03B00A640DD /* Project object */ = {
			isa = PBXProject;
			attributes = {
				BuildIndependentTargetsInParallel = 1;
				LastSwiftUpdateCheck = 1330;
				LastUpgradeCheck = 1330;
				TargetAttributes = {
					6564C6222818B03E00A640DD = {
						CreatedOnToolsVersion = 13.3;
					};
					6564C6282818B03E00A640DD = {
						CreatedOnToolsVersion = 13.3;
					};
					6564C62F2818B03E00A640DD = {
						CreatedOnToolsVersion = 13.3;
						TestTargetID = 6564C6222818B03E00A640DD;
					};
					6564C63B2818B03E00A640DD = {
						CreatedOnToolsVersion = 13.3;
						TestTargetID = 6564C6282818B03E00A640DD;
					};
				};
			};
			buildConfigurationList = 6564C61A2818B03B00A640DD /* Build configuration list for PBXProject "club" */;
			compatibilityVersion = "Xcode 13.0";
			developmentRegion = en;
			hasScannedForEncodings = 0;
			knownRegions = (
				en,
				Base,
			);
			mainGroup = 6564C6162818B03B00A640DD;
			productRefGroup = 6564C6242818B03E00A640DD /* Products */;
			projectDirPath = "";
			projectRoot = "";
			targets = (
				6564C6222818B03E00A640DD /* club (iOS) */,
				6564C6282818B03E00A640DD /* club (macOS) */,
				6564C62F2818B03E00A640DD /* Tests iOS */,
				6564C63B2818B03E00A640DD /* Tests macOS */,
			);
		};
/* End PBXProject section */

/* Begin PBXResourcesBuildPhase section */
		6564C6212818B03E00A640DD /* Resources */ = {
			isa = PBXResourcesBuildPhase;
			buildActionMask = 2147483647;
			files = (
				6564C6482818B03E00A640DD /* Assets.xcassets in Resources */,
			);
			runOnlyForDeploymentPostprocessing = 0;
		};
		6564C6272818B03E00A640DD /* Resources */ = {
			isa = PBXResourcesBuildPhase;
			buildActionMask = 2147483647;
			files = (
				6564C6492818B03E00A640DD /* Assets.xcassets in Resources */,
			);
			runOnlyForDeploymentPostprocessing = 0;
		};
		6564C62E2818B03E00A640DD /* Resources */ = {
			isa = PBXResourcesBuildPhase;
			buildActionMask = 2147483647;
			files = (
			);
			runOnlyForDeploymentPostprocessing = 0;
		};
		6564C63A2818B03E00A640DD /* Resources */ = {
			isa = PBXResourcesBuildPhase;
			buildActionMask = 2147483647;
			files = (
			);
			runOnlyForDeploymentPostprocessing = 0;
		};
/* End PBXResourcesBuildPhase section */

/* Begin PBXSourcesBuildPhase section */
		6564C61F2818B03E00A640DD /* Sources */ = {
			isa = PBXSourcesBuildPhase;
			buildActionMask = 2147483647;
			files = (
				6564C6462818B03E00A640DD /* ContentView.swift in Sources */,
				6564C6442818B03E00A640DD /* clubApp.swift in Sources */,
			);
			runOnlyForDeploymentPostprocessing = 0;
		};
		6564C6252818B03E00A640DD /* Sources */ = {
			isa = PBXSourcesBuildPhase;
			buildActionMask = 2147483647;
			files = (
				6564C6472818B03E00A640DD /* ContentView.swift in Sources */,
				6564C6452818B03E00A640DD /* clubApp.swift in Sources */,
			);
			runOnlyForDeploymentPostprocessing = 0;
		};
		6564C62C2818B03E00A640DD /* Sources */ = {
			isa = PBXSourcesBuildPhase;
			buildActionMask = 2147483647;
			files = (
				6564C6372818B03E00A640DD /* Tests_iOSLaunchTests.swift in Sources */,
				6564C6352818B03E00A640DD /* Tests_iOS.swift in Sources */,
			);
			runOnlyForDeploymentPostprocessing = 0;
		};
		6564C6382818B03E00A640DD /* Sources */ = {
			isa = PBXSourcesBuildPhase;
			buildActionMask = 2147483647;
			files = (
				6564C6432818B03E00A640DD /* Tests_macOSLaunchTests.swift in Sources */,
				6564C6412818B03E00A640DD /* Tests_macOS.swift in Sources */,
			);
			runOnlyForDeploymentPostprocessing = 0;
		};
/* End PBXSourcesBuildPhase section */

/* Begin PBXTargetDependency section */
		6564C6322818B03E00A640DD /* PBXTargetDependency */ = {
			isa = PBXTargetDependency;
			target = 6564C6222818B03E00A640DD /* club (iOS) */;
			targetProxy = 6564C6312818B03E00A640DD /* PBXContainerItemProxy */;
		};
		6564C63E2818B03E00A640DD /* PBXTargetDependency */ = {
			isa = PBXTargetDependency;
			target = 6564C6282818B03E00A640DD /* club (macOS) */;
			targetProxy = 6564C63D2818B03E00A640DD /* PBXContainerItemProxy */;
		};
/* End PBXTargetDependency section */

/* Begin XCBuildConfiguration section */
		6564C64A2818B03E00A640DD /* Debug */ = {
			isa = XCBuildConfiguration;
			buildSettings = {
				ALWAYS_SEARCH_USER_PATHS = NO;
				CLANG_ANALYZER_NONNULL = YES;
				CLANG_ANALYZER_NUMBER_OBJECT_CONVERSION = YES_AGGRESSIVE;
				CLANG_CXX_LANGUAGE_STANDARD = "gnu++17";
				CLANG_ENABLE_MODULES = YES;
				CLANG_ENABLE_OBJC_ARC = YES;
				CLANG_ENABLE_OBJC_WEAK = YES;
				CLANG_WARN_BLOCK_CAPTURE_AUTORELEASING = YES;
				CLANG_WARN_BOOL_CONVERSION = YES;
				CLANG_WARN_COMMA = YES;
				CLANG_WARN_CONSTANT_CONVERSION = YES;
				CLANG_WARN_DEPRECATED_OBJC_IMPLEMENTATIONS = YES;
				CLANG_WARN_DIRECT_OBJC_ISA_USAGE = YES_ERROR;
				CLANG_WARN_DOCUMENTATION_COMMENTS = YES;
				CLANG_WARN_EMPTY_BODY = YES;
				CLANG_WARN_ENUM_CONVERSION = YES;
				CLANG_WARN_INFINITE_RECURSION = YES;
				CLANG_WARN_INT_CONVERSION = YES;
				CLANG_WARN_NON_LITERAL_NULL_CONVERSION = YES;
				CLANG_WARN_OBJC_IMPLICIT_RETAIN_SELF = YES;
				CLANG_WARN_OBJC_LITERAL_CONVERSION = YES;
				CLANG_WARN_OBJC_ROOT_CLASS = YES_ERROR;
				CLANG_WARN_QUOTED_INCLUDE_IN_FRAMEWORK_HEADER = YES;
				CLANG_WARN_RANGE_LOOP_ANALYSIS = YES;
				CLANG_WARN_STRICT_PROTOTYPES = YES;
				CLANG_WARN_SUSPICIOUS_MOVE = YES;
				CLANG_WARN_UNGUARDED_AVAILABILITY = YES_AGGRESSIVE;
				CLANG_WARN_UNREACHABLE_CODE = YES;
				CLANG_WARN__DUPLICATE_METHOD_MATCH = YES;
				COPY_PHASE_STRIP = NO;
				DEBUG_INFORMATION_FORMAT = dwarf;
				ENABLE_STRICT_OBJC_MSGSEND = YES;
				ENABLE_TESTABILITY = YES;
				GCC_C_LANGUAGE_STANDARD = gnu11;
				GCC_DYNAMIC_NO_PIC = NO;
				GCC_NO_COMMON_BLOCKS = YES;
				GCC_OPTIMIZATION_LEVEL = 0;
				GCC_PREPROCESSOR_DEFINITIONS = (
					"DEBUG=1",
					"$(inherited)",
				);
				GCC_WARN_64_TO_32_BIT_CONVERSION = YES;
				GCC_WARN_ABOUT_RETURN_TYPE = YES_ERROR;
				GCC_WARN_UNDECLARED_SELECTOR = YES;
				GCC_WARN_UNINITIALIZED_AUTOS = YES_AGGRESSIVE;
				GCC_WARN_UNUSED_FUNCTION = YES;
				GCC_WARN_UNUSED_VARIABLE = YES;
				MTL_ENABLE_DEBUG_INFO = INCLUDE_SOURCE;
				MTL_FAST_MATH = YES;
				ONLY_ACTIVE_ARCH = YES;
				SWIFT_ACTIVE_COMPILATION_CONDITIONS = DEBUG;
				SWIFT_OPTIMIZATION_LEVEL = "-Onone";
			};
			name = Debug;
		};
		6564C64B2818B03E00A640DD /* Release */ = {
			isa = XCBuildConfiguration;
			buildSettings = {
				ALWAYS_SEARCH_USER_PATHS = NO;
				CLANG_ANALYZER_NONNULL = YES;
				CLANG_ANALYZER_NUMBER_OBJECT_CONVERSION = YES_AGGRESSIVE;
				CLANG_CXX_LANGUAGE_STANDARD = "gnu++17";
				CLANG_ENABLE_MODULES = YES;
				CLANG_ENABLE_OBJC_ARC = YES;
				CLANG_ENABLE_OBJC_WEAK = YES;
				CLANG_WARN_BLOCK_CAPTURE_AUTORELEASING = YES;
				CLANG_WARN_BOOL_CONVERSION = YES;
				CLANG_WARN_COMMA = YES;
				CLANG_WARN_CONSTANT_CONVERSION = YES;
				CLANG_WARN_DEPRECATED_OBJC_IMPLEMENTATIONS = YES;
				CLANG_WARN_DIRECT_OBJC_ISA_USAGE = YES_ERROR;
				CLANG_WARN_DOCUMENTATION_COMMENTS = YES;
				CLANG_WARN_EMPTY_BODY = YES;
				CLANG_WARN_ENUM_CONVERSION = YES;
				CLANG_WARN_INFINITE_RECURSION = YES;
				CLANG_WARN_INT_CONVERSION = YES;
				CLANG_WARN_NON_LITERAL_NULL_CONVERSION = YES;
				CLANG_WARN_OBJC_IMPLICIT_RETAIN_SELF = YES;
				CLANG_WARN_OBJC_LITERAL_CONVERSION = YES;
				CLANG_WARN_OBJC_ROOT_CLASS = YES_ERROR;
				CLANG_WARN_QUOTED_INCLUDE_IN_FRAMEWORK_HEADER = YES;
				CLANG_WARN_RANGE_LOOP_ANALYSIS = YES;
				CLANG_WARN_STRICT_PROTOTYPES = YES;
				CLANG_WARN_SUSPICIOUS_MOVE = YES;
				CLANG_WARN_UNGUARDED_AVAILABILITY = YES_AGGRESSIVE;
				CLANG_WARN_UNREACHABLE_CODE = YES;
				CLANG_WARN__DUPLICATE_METHOD_MATCH = YES;
				COPY_PHASE_STRIP = NO;
				DEBUG_INFORMATION_FORMAT = "dwarf-with-dsym";
				ENABLE_NS_ASSERTIONS = NO;
				ENABLE_STRICT_OBJC_MSGSEND = YES;
				GCC_C_LANGUAGE_STANDARD = gnu11;
				GCC_NO_COMMON_BLOCKS = YES;
				GCC_WARN_64_TO_32_BIT_CONVERSION = YES;
				GCC_WARN_ABOUT_RETURN_TYPE = YES_ERROR;
				GCC_WARN_UNDECLARED_SELECTOR = YES;
				GCC_WARN_UNINITIALIZED_AUTOS = YES_AGGRESSIVE;
				GCC_WARN_UNUSED_FUNCTION = YES;
				GCC_WARN_UNUSED_VARIABLE = YES;
				MTL_ENABLE_DEBUG_INFO = NO;
				MTL_FAST_MATH = YES;
				SWIFT_COMPILATION_MODE = wholemodule;
				SWIFT_OPTIMIZATION_LEVEL = "-O";
			};
			name = Release;
		};
		6564C64D2818B03E00A640DD /* Debug */ = {
			isa = XCBuildConfiguration;
			buildSettings = {
				ASSETCATALOG_COMPILER_APPICON_NAME = AppIcon;
				ASSETCATALOG_COMPILER_GLOBAL_ACCENT_COLOR_NAME = AccentColor;
				CODE_SIGN_STYLE = Automatic;
				CURRENT_PROJECT_VERSION = 1;
				ENABLE_PREVIEWS = YES;
				GENERATE_INFOPLIST_FILE = YES;
				INFOPLIST_KEY_UIApplicationSceneManifest_Generation = YES;
				INFOPLIST_KEY_UIApplicationSupportsIndirectInputEvents = YES;
				INFOPLIST_KEY_UILaunchScreen_Generation = YES;
				INFOPLIST_KEY_UISupportedInterfaceOrientations_iPad = "UIInterfaceOrientationPortrait UIInterfaceOrientationPortraitUpsideDown UIInterfaceOrientationLandscapeLeft UIInterfaceOrientationLandscapeRight";
				INFOPLIST_KEY_UISupportedInterfaceOrientations_iPhone = "UIInterfaceOrientationPortrait UIInterfaceOrientationLandscapeLeft UIInterfaceOrientationLandscapeRight";
				IPHONEOS_DEPLOYMENT_TARGET = 15.4;
				LD_RUNPATH_SEARCH_PATHS = (
					"$(inherited)",
					"@executable_path/Frameworks",
				);
				MARKETING_VERSION = 1.0;
				PRODUCT_BUNDLE_IDENTIFIER = com.example.club;
				PRODUCT_NAME = club;
				SDKROOT = iphoneos;
				SWIFT_EMIT_LOC_STRINGS = YES;
				SWIFT_VERSION = 5.0;
				TARGETED_DEVICE_FAMILY = "1,2";
			};
			name = Debug;
		};
		6564C64E2818B03E00A640DD /* Release */ = {
			isa = XCBuildConfiguration;
			buildSettings = {
				ASSETCATALOG_COMPILER_APPICON_NAME = AppIcon;
				ASSETCATALOG_COMPILER_GLOBAL_ACCENT_COLOR_NAME = AccentColor;
				CODE_SIGN_STYLE = Automatic;
				CURRENT_PROJECT_VERSION = 1;
				ENABLE_PREVIEWS = YES;
				GENERATE_INFOPLIST_FILE = YES;
				INFOPLIST_KEY_UIApplicationSceneManifest_Generation = YES;
				INFOPLIST_KEY_UIApplicationSupportsIndirectInputEvents = YES;
				INFOPLIST_KEY_UILaunchScreen_Generation = YES;
				INFOPLIST_KEY_UISupportedInterfaceOrientations_iPad = "UIInterfaceOrientationPortrait UIInterfaceOrientationPortraitUpsideDown UIInterfaceOrientationLandscapeLeft UIInterfaceOrientationLandscapeRight";
				INFOPLIST_KEY_UISupportedInterfaceOrientations_iPhone = "UIInterfaceOrientationPortrait UIInterfaceOrientationLandscapeLeft UIInterfaceOrientationLandscapeRight";
				IPHONEOS_DEPLOYMENT_TARGET = 15.4;
				LD_RUNPATH_SEARCH_PATHS = (
					"$(inherited)",
					"@executable_path/Frameworks",
				);
				MARKETING_VERSION = 1.0;
				PRODUCT_BUNDLE_IDENTIFIER = com.example.club;
				PRODUCT_NAME = club;
				SDKROOT = iphoneos;
				SWIFT_EMIT_LOC_STRINGS = YES;
				SWIFT_VERSION = 5.0;
				TARGETED_DEVICE_FAMILY = "1,2";
				VALIDATE_PRODUCT = YES;
			};
			name = Release;
		};
		6564C6502818B03E00A640DD /* Debug */ = {
			isa = XCBuildConfiguration;
			buildSettings = {
				ASSETCATALOG_COMPILER_APPICON_NAME = AppIcon;
				ASSETCATALOG_COMPILER_GLOBAL_ACCENT_COLOR_NAME = AccentColor;
				CODE_SIGN_ENTITLEMENTS = macOS/macOS.entitlements;
				CODE_SIGN_STYLE = Automatic;
				COMBINE_HIDPI_IMAGES = YES;
				CURRENT_PROJECT_VERSION = 1;
				ENABLE_PREVIEWS = YES;
				GENERATE_INFOPLIST_FILE = YES;
				INFOPLIST_KEY_NSHumanReadableCopyright = "";
				LD_RUNPATH_SEARCH_PATHS = (
					"$(inherited)",
					"@executable_path/../Frameworks",
				);
				MACOSX_DEPLOYMENT_TARGET = 12.3;
				MARKETING_VERSION = 1.0;
				PRODUCT_BUNDLE_IDENTIFIER = com.example.club;
				PRODUCT_NAME = club;
				SDKROOT = macosx;
				SWIFT_EMIT_LOC_STRINGS = YES;
				SWIFT_VERSION = 5.0;
			};
			name = Debug;
		};
		6564C6512818B03E00A640DD /* Release */ = {
			isa = XCBuildConfiguration;
			buildSettings = {
				ASSETCATALOG_COMPILER_APPICON_NAME = AppIcon;
				ASSETCATALOG_COMPILER_GLOBAL_ACCENT_COLOR_NAME = AccentColor;
				CODE_SIGN_ENTITLEMENTS = macOS/macOS.entitlements;
				CODE_SIGN_STYLE = Automatic;
				COMBINE_HIDPI_IMAGES = YES;
				CURRENT_PROJECT_VERSION = 1;
				ENABLE_PREVIEWS = YES;
				GENERATE_INFOPLIST_FILE = YES;
				INFOPLIST_KEY_NSHumanReadableCopyright = "";
				LD_RUNPATH_SEARCH_PATHS = (
					"$(inherited)",
					"@executable_path/../Frameworks",
				);
				MACOSX_DEPLOYMENT_TARGET = 12.3;
				MARKETING_VERSION = 1.0;
				PRODUCT_BUNDLE_IDENTIFIER = com.example.club;
				PRODUCT_NAME = club;
				SDKROOT = macosx;
				SWIFT_EMIT_LOC_STRINGS = YES;
				SWIFT_VERSION = 5.0;
			};
			name = Release;
		};
		6564C6532818B03E00A640DD /* Debug */ = {
			isa = XCBuildConfiguration;
			buildSettings = {
				ALWAYS_EMBED_SWIFT_STANDARD_LIBRARIES = YES;
				CODE_SIGN_STYLE = Automatic;
				CURRENT_PROJECT_VERSION = 1;
				GENERATE_INFOPLIST_FILE = YES;
				IPHONEOS_DEPLOYMENT_TARGET = 15.4;
				MARKETING_VERSION = 1.0;
				PRODUCT_BUNDLE_IDENTIFIER = "com.example.Tests-iOS";
				PRODUCT_NAME = "$(TARGET_NAME)";
				SDKROOT = iphoneos;
				SWIFT_EMIT_LOC_STRINGS = NO;
				SWIFT_VERSION = 5.0;
				TARGETED_DEVICE_FAMILY = "1,2";
				TEST_TARGET_NAME = "club (iOS)";
			};
			name = Debug;
		};
		6564C6542818B03E00A640DD /* Release */ = {
			isa = XCBuildConfiguration;
			buildSettings = {
				ALWAYS_EMBED_SWIFT_STANDARD_LIBRARIES = YES;
				CODE_SIGN_STYLE = Automatic;
				CURRENT_PROJECT_VERSION = 1;
				GENERATE_INFOPLIST_FILE = YES;
				IPHONEOS_DEPLOYMENT_TARGET = 15.4;
				MARKETING_VERSION = 1.0;
				PRODUCT_BUNDLE_IDENTIFIER = "com.example.Tests-iOS";
				PRODUCT_NAME = "$(TARGET_NAME)";
				SDKROOT = iphoneos;
				SWIFT_EMIT_LOC_STRINGS = NO;
				SWIFT_VERSION = 5.0;
				TARGETED_DEVICE_FAMILY = "1,2";
				TEST_TARGET_NAME = "club (iOS)";
				VALIDATE_PRODUCT = YES;
			};
			name = Release;
		};
		6564C6562818B03E00A640DD /* Debug */ = {
			isa = XCBuildConfiguration;
			buildSettings = {
				ALWAYS_EMBED_SWIFT_STANDARD_LIBRARIES = YES;
				CODE_SIGN_STYLE = Automatic;
				CURRENT_PROJECT_VERSION = 1;
				GENERATE_INFOPLIST_FILE = YES;
				MACOSX_DEPLOYMENT_TARGET = 12.3;
				MARKETING_VERSION = 1.0;
				PRODUCT_BUNDLE_IDENTIFIER = "com.example.Tests-macOS";
				PRODUCT_NAME = "$(TARGET_NAME)";
				SDKROOT = macosx;
				SWIFT_EMIT_LOC_STRINGS = NO;
				SWIFT_VERSION = 5.0;
				TEST_TARGET_NAME = "club (macOS)";
			};
			name = Debug;
		};
		6564C6572818B03E00A640DD /* Release */ = {
			isa = XCBuildConfiguration;
			buildSettings = {
				ALWAYS_EMBED_SWIFT_STANDARD_LIBRARIES = YES;
				CODE_SIGN_STYLE = Automatic;
				CURRENT_PROJECT_VERSION = 1;
				GENERATE_INFOPLIST_FILE = YES;
				MACOSX_DEPLOYMENT_TARGET = 12.3;
				MARKETING_VERSION = 1.0;
				PRODUCT_BUNDLE_IDENTIFIER = "com.example.Tests-macOS";
				PRODUCT_NAME = "$(TARGET_NAME)";
				SDKROOT = macosx;
				SWIFT_EMIT_LOC_STRINGS = NO;
				SWIFT_VERSION = 5.0;
				TEST_TARGET_NAME = "club (macOS)";
			};
			name = Release;
		};
/* End XCBuildConfiguration section */

/* Begin XCConfigurationList section */
		6564C61A2818B03B00A640DD /* Build configuration list for PBXProject "club" */ = {
			isa = XCConfigurationList;
			buildConfigurations = (
				6564C64A2818B03E00A640DD /* Debug */,
				6564C64B2818B03E00A640DD /* Release */,
			);
			defaultConfigurationIsVisible = 0;
			defaultConfigurationName = Release;
		};
		6564C64C2818B03E00A640DD /* Build configuration list for PBXNativeTarget "club (iOS)" */ = {
			isa = XCConfigurationList;
			buildConfigurations = (
				6564C64D2818B03E00A640DD /* Debug */,
				6564C64E2818B03E00A640DD /* Release */,
			);
			defaultConfigurationIsVisible = 0;
			defaultConfigurationName = Release;
		};
		6564C64F2818B03E00A640DD /* Build configuration list for PBXNativeTarget "club (macOS)" */ = {
			isa = XCConfigurationList;
			buildConfigurations = (
				6564C6502818B03E00A640DD /* Debug */,
				6564C6512818B03E00A640DD /* Release */,
			);
			defaultConfigurationIsVisible = 0;
			defaultConfigurationName = Release;
		};
		6564C6522818B03E00A640DD /* Build configuration list for PBXNativeTarget "Tests iOS" */ = {
			isa = XCConfigurationList;
			buildConfigurations = (
				6564C6532818B03E00A640DD /* Debug */,
				6564C6542818B03E00A640DD /* Release */,
			);
			defaultConfigurationIsVisible = 0;
			defaultConfigurationName = Release;
		};
		6564C6552818B03E00A640DD /* Build configuration list for PBXNativeTarget "Tests macOS" */ = {
			isa = XCConfigurationList;
			buildConfigurations = (
				6564C6562818B03E00A640DD /* Debug */,
				6564C6572818B03E00A640DD /* Release */,
			);
			defaultConfigurationIsVisible = 0;
			defaultConfigurationName = Release;
		};
/* End XCConfigurationList section */
	};
	rootObject = 6564C6172818B03B00A640DD /* Project object */;
}
